// !$*UTF8*$!
{
	archiveVersion = 1;
	classes = {
	};
	objectVersion = 50;
	objects = {

/* Begin PBXBuildFile section */
		1F73DAF025568CFD001CC1CD /* AppDelegate.swift in Sources */ = {isa = PBXBuildFile; fileRef = 1F73DAEF25568CFD001CC1CD /* AppDelegate.swift */; };
		1F73DAF225568CFD001CC1CD /* SceneDelegate.swift in Sources */ = {isa = PBXBuildFile; fileRef = 1F73DAF125568CFD001CC1CD /* SceneDelegate.swift */; };
		1F73DAFA25568CFD001CC1CD /* TripPlanner.xcdatamodeld in Sources */ = {isa = PBXBuildFile; fileRef = 1F73DAF825568CFD001CC1CD /* TripPlanner.xcdatamodeld */; };
		1F73DAFC25568CFF001CC1CD /* Assets.xcassets in Resources */ = {isa = PBXBuildFile; fileRef = 1F73DAFB25568CFF001CC1CD /* Assets.xcassets */; };
		1F73DAFF25568CFF001CC1CD /* LaunchScreen.storyboard in Resources */ = {isa = PBXBuildFile; fileRef = 1F73DAFD25568CFF001CC1CD /* LaunchScreen.storyboard */; };
		1F73DB0A25568D00001CC1CD /* TripPlannerTests.swift in Sources */ = {isa = PBXBuildFile; fileRef = 1F73DB0925568D00001CC1CD /* TripPlannerTests.swift */; };
		1F73DB1525568D00001CC1CD /* TripPlannerUITests.swift in Sources */ = {isa = PBXBuildFile; fileRef = 1F73DB1425568D00001CC1CD /* TripPlannerUITests.swift */; };
		1FF899562556E4FF00F9718E /* TripModel.swift in Sources */ = {isa = PBXBuildFile; fileRef = 1FF899552556E4FF00F9718E /* TripModel.swift */; };
		1FF8995B2556E50C00F9718E /* TripFunctions.swift in Sources */ = {isa = PBXBuildFile; fileRef = 1FF8995A2556E50C00F9718E /* TripFunctions.swift */; };
		1FF899602556E90500F9718E /* Data.swift in Sources */ = {isa = PBXBuildFile; fileRef = 1FF8995F2556E90500F9718E /* Data.swift */; };
		1FF8996A2556EDFA00F9718E /* TripsViewController.swift in Sources */ = {isa = PBXBuildFile; fileRef = 1FF899692556EDFA00F9718E /* TripsViewController.swift */; };
		1FF8996F2556EE0500F9718E /* TripsViewController.storyboard in Resources */ = {isa = PBXBuildFile; fileRef = 1FF8996E2556EE0500F9718E /* TripsViewController.storyboard */; };
/* End PBXBuildFile section */

/* Begin PBXContainerItemProxy section */
		1F73DB0625568D00001CC1CD /* PBXContainerItemProxy */ = {
			isa = PBXContainerItemProxy;
			containerPortal = 1F73DAE425568CFD001CC1CD /* Project object */;
			proxyType = 1;
			remoteGlobalIDString = 1F73DAEB25568CFD001CC1CD;
			remoteInfo = TripPlanner;
		};
		1F73DB1125568D00001CC1CD /* PBXContainerItemProxy */ = {
			isa = PBXContainerItemProxy;
			containerPortal = 1F73DAE425568CFD001CC1CD /* Project object */;
			proxyType = 1;
			remoteGlobalIDString = 1F73DAEB25568CFD001CC1CD;
			remoteInfo = TripPlanner;
		};
/* End PBXContainerItemProxy section */

/* Begin PBXFileReference section */
		1F73DAEC25568CFD001CC1CD /* TripPlanner.app */ = {isa = PBXFileReference; explicitFileType = wrapper.application; includeInIndex = 0; path = TripPlanner.app; sourceTree = BUILT_PRODUCTS_DIR; };
		1F73DAEF25568CFD001CC1CD /* AppDelegate.swift */ = {isa = PBXFileReference; lastKnownFileType = sourcecode.swift; path = AppDelegate.swift; sourceTree = "<group>"; };
		1F73DAF125568CFD001CC1CD /* SceneDelegate.swift */ = {isa = PBXFileReference; lastKnownFileType = sourcecode.swift; path = SceneDelegate.swift; sourceTree = "<group>"; };
		1F73DAF925568CFD001CC1CD /* TripPlanner.xcdatamodel */ = {isa = PBXFileReference; lastKnownFileType = wrapper.xcdatamodel; path = TripPlanner.xcdatamodel; sourceTree = "<group>"; };
		1F73DAFB25568CFF001CC1CD /* Assets.xcassets */ = {isa = PBXFileReference; lastKnownFileType = folder.assetcatalog; path = Assets.xcassets; sourceTree = "<group>"; };
		1F73DAFE25568CFF001CC1CD /* Base */ = {isa = PBXFileReference; lastKnownFileType = file.storyboard; name = Base; path = Base.lproj/LaunchScreen.storyboard; sourceTree = "<group>"; };
		1F73DB0025568CFF001CC1CD /* Info.plist */ = {isa = PBXFileReference; lastKnownFileType = text.plist.xml; path = Info.plist; sourceTree = "<group>"; };
		1F73DB0525568D00001CC1CD /* TripPlannerTests.xctest */ = {isa = PBXFileReference; explicitFileType = wrapper.cfbundle; includeInIndex = 0; path = TripPlannerTests.xctest; sourceTree = BUILT_PRODUCTS_DIR; };
		1F73DB0925568D00001CC1CD /* TripPlannerTests.swift */ = {isa = PBXFileReference; lastKnownFileType = sourcecode.swift; path = TripPlannerTests.swift; sourceTree = "<group>"; };
		1F73DB0B25568D00001CC1CD /* Info.plist */ = {isa = PBXFileReference; lastKnownFileType = text.plist.xml; path = Info.plist; sourceTree = "<group>"; };
		1F73DB1025568D00001CC1CD /* TripPlannerUITests.xctest */ = {isa = PBXFileReference; explicitFileType = wrapper.cfbundle; includeInIndex = 0; path = TripPlannerUITests.xctest; sourceTree = BUILT_PRODUCTS_DIR; };
		1F73DB1425568D00001CC1CD /* TripPlannerUITests.swift */ = {isa = PBXFileReference; lastKnownFileType = sourcecode.swift; path = TripPlannerUITests.swift; sourceTree = "<group>"; };
		1F73DB1625568D00001CC1CD /* Info.plist */ = {isa = PBXFileReference; lastKnownFileType = text.plist.xml; path = Info.plist; sourceTree = "<group>"; };
		1FF899552556E4FF00F9718E /* TripModel.swift */ = {isa = PBXFileReference; lastKnownFileType = sourcecode.swift; path = TripModel.swift; sourceTree = "<group>"; };
		1FF8995A2556E50C00F9718E /* TripFunctions.swift */ = {isa = PBXFileReference; lastKnownFileType = sourcecode.swift; path = TripFunctions.swift; sourceTree = "<group>"; };
		1FF8995F2556E90500F9718E /* Data.swift */ = {isa = PBXFileReference; lastKnownFileType = sourcecode.swift; path = Data.swift; sourceTree = "<group>"; };
		1FF899692556EDFA00F9718E /* TripsViewController.swift */ = {isa = PBXFileReference; lastKnownFileType = sourcecode.swift; path = TripsViewController.swift; sourceTree = "<group>"; };
		1FF8996E2556EE0500F9718E /* TripsViewController.storyboard */ = {isa = PBXFileReference; lastKnownFileType = file.storyboard; path = TripsViewController.storyboard; sourceTree = "<group>"; };
/* End PBXFileReference section */

/* Begin PBXFrameworksBuildPhase section */
		1F73DAE925568CFD001CC1CD /* Frameworks */ = {
			isa = PBXFrameworksBuildPhase;
			buildActionMask = 2147483647;
			files = (
			);
			runOnlyForDeploymentPostprocessing = 0;
		};
		1F73DB0225568D00001CC1CD /* Frameworks */ = {
			isa = PBXFrameworksBuildPhase;
			buildActionMask = 2147483647;
			files = (
			);
			runOnlyForDeploymentPostprocessing = 0;
		};
		1F73DB0D25568D00001CC1CD /* Frameworks */ = {
			isa = PBXFrameworksBuildPhase;
			buildActionMask = 2147483647;
			files = (
			);
			runOnlyForDeploymentPostprocessing = 0;
		};
/* End PBXFrameworksBuildPhase section */

/* Begin PBXGroup section */
		1F73DAE325568CFD001CC1CD = {
			isa = PBXGroup;
			children = (
				1F73DAEE25568CFD001CC1CD /* TripPlanner */,
				1F73DB0825568D00001CC1CD /* TripPlannerTests */,
				1F73DB1325568D00001CC1CD /* TripPlannerUITests */,
				1F73DAED25568CFD001CC1CD /* Products */,
			);
			sourceTree = "<group>";
		};
		1F73DAED25568CFD001CC1CD /* Products */ = {
			isa = PBXGroup;
			children = (
				1F73DAEC25568CFD001CC1CD /* TripPlanner.app */,
				1F73DB0525568D00001CC1CD /* TripPlannerTests.xctest */,
				1F73DB1025568D00001CC1CD /* TripPlannerUITests.xctest */,
			);
			name = Products;
			sourceTree = "<group>";
		};
		1F73DAEE25568CFD001CC1CD /* TripPlanner */ = {
			isa = PBXGroup;
			children = (
				1FF899672556EDC700F9718E /* Views */,
				1FF899532556E4DA00F9718E /* Model */,
				1F73DAEF25568CFD001CC1CD /* AppDelegate.swift */,
				1F73DAF125568CFD001CC1CD /* SceneDelegate.swift */,
				1F73DAFB25568CFF001CC1CD /* Assets.xcassets */,
				1F73DAFD25568CFF001CC1CD /* LaunchScreen.storyboard */,
				1F73DB0025568CFF001CC1CD /* Info.plist */,
				1F73DAF825568CFD001CC1CD /* TripPlanner.xcdatamodeld */,
			);
			path = TripPlanner;
			sourceTree = "<group>";
		};
		1F73DB0825568D00001CC1CD /* TripPlannerTests */ = {
			isa = PBXGroup;
			children = (
				1F73DB0925568D00001CC1CD /* TripPlannerTests.swift */,
				1F73DB0B25568D00001CC1CD /* Info.plist */,
			);
			path = TripPlannerTests;
			sourceTree = "<group>";
		};
		1F73DB1325568D00001CC1CD /* TripPlannerUITests */ = {
			isa = PBXGroup;
			children = (
				1F73DB1425568D00001CC1CD /* TripPlannerUITests.swift */,
				1F73DB1625568D00001CC1CD /* Info.plist */,
			);
			path = TripPlannerUITests;
			sourceTree = "<group>";
		};
		1FF899532556E4DA00F9718E /* Model */ = {
			isa = PBXGroup;
			children = (
				1FF8995F2556E90500F9718E /* Data.swift */,
				1FF899542556E4E100F9718E /* Trip */,
			);
			path = Model;
			sourceTree = "<group>";
		};
		1FF899542556E4E100F9718E /* Trip */ = {
			isa = PBXGroup;
			children = (
				1FF899552556E4FF00F9718E /* TripModel.swift */,
				1FF8995A2556E50C00F9718E /* TripFunctions.swift */,
			);
			path = Trip;
			sourceTree = "<group>";
		};
		1FF899672556EDC700F9718E /* Views */ = {
			isa = PBXGroup;
			children = (
				1FF899682556EDD000F9718E /* TripsViewController */,
			);
			path = Views;
			sourceTree = "<group>";
		};
		1FF899682556EDD000F9718E /* TripsViewController */ = {
			isa = PBXGroup;
			children = (
				1FF899692556EDFA00F9718E /* TripsViewController.swift */,
				1FF8996E2556EE0500F9718E /* TripsViewController.storyboard */,
			);
			path = TripsViewController;
			sourceTree = "<group>";
		};
/* End PBXGroup section */

/* Begin PBXNativeTarget section */
		1F73DAEB25568CFD001CC1CD /* TripPlanner */ = {
			isa = PBXNativeTarget;
			buildConfigurationList = 1F73DB1925568D00001CC1CD /* Build configuration list for PBXNativeTarget "TripPlanner" */;
			buildPhases = (
				1F73DAE825568CFD001CC1CD /* Sources */,
				1F73DAE925568CFD001CC1CD /* Frameworks */,
				1F73DAEA25568CFD001CC1CD /* Resources */,
			);
			buildRules = (
			);
			dependencies = (
			);
			name = TripPlanner;
			productName = TripPlanner;
			productReference = 1F73DAEC25568CFD001CC1CD /* TripPlanner.app */;
			productType = "com.apple.product-type.application";
		};
		1F73DB0425568D00001CC1CD /* TripPlannerTests */ = {
			isa = PBXNativeTarget;
			buildConfigurationList = 1F73DB1C25568D00001CC1CD /* Build configuration list for PBXNativeTarget "TripPlannerTests" */;
			buildPhases = (
				1F73DB0125568D00001CC1CD /* Sources */,
				1F73DB0225568D00001CC1CD /* Frameworks */,
				1F73DB0325568D00001CC1CD /* Resources */,
			);
			buildRules = (
			);
			dependencies = (
				1F73DB0725568D00001CC1CD /* PBXTargetDependency */,
			);
			name = TripPlannerTests;
			productName = TripPlannerTests;
			productReference = 1F73DB0525568D00001CC1CD /* TripPlannerTests.xctest */;
			productType = "com.apple.product-type.bundle.unit-test";
		};
		1F73DB0F25568D00001CC1CD /* TripPlannerUITests */ = {
			isa = PBXNativeTarget;
			buildConfigurationList = 1F73DB1F25568D00001CC1CD /* Build configuration list for PBXNativeTarget "TripPlannerUITests" */;
			buildPhases = (
				1F73DB0C25568D00001CC1CD /* Sources */,
				1F73DB0D25568D00001CC1CD /* Frameworks */,
				1F73DB0E25568D00001CC1CD /* Resources */,
			);
			buildRules = (
			);
			dependencies = (
				1F73DB1225568D00001CC1CD /* PBXTargetDependency */,
			);
			name = TripPlannerUITests;
			productName = TripPlannerUITests;
			productReference = 1F73DB1025568D00001CC1CD /* TripPlannerUITests.xctest */;
			productType = "com.apple.product-type.bundle.ui-testing";
		};
/* End PBXNativeTarget section */

/* Begin PBXProject section */
		1F73DAE425568CFD001CC1CD /* Project object */ = {
			isa = PBXProject;
			attributes = {
				LastSwiftUpdateCheck = 1210;
				LastUpgradeCheck = 1210;
				TargetAttributes = {
					1F73DAEB25568CFD001CC1CD = {
						CreatedOnToolsVersion = 12.1;
					};
					1F73DB0425568D00001CC1CD = {
						CreatedOnToolsVersion = 12.1;
						TestTargetID = 1F73DAEB25568CFD001CC1CD;
					};
					1F73DB0F25568D00001CC1CD = {
						CreatedOnToolsVersion = 12.1;
						TestTargetID = 1F73DAEB25568CFD001CC1CD;
					};
				};
			};
			buildConfigurationList = 1F73DAE725568CFD001CC1CD /* Build configuration list for PBXProject "TripPlanner" */;
			compatibilityVersion = "Xcode 9.3";
			developmentRegion = en;
			hasScannedForEncodings = 0;
			knownRegions = (
				en,
				Base,
			);
			mainGroup = 1F73DAE325568CFD001CC1CD;
			productRefGroup = 1F73DAED25568CFD001CC1CD /* Products */;
			projectDirPath = "";
			projectRoot = "";
			targets = (
				1F73DAEB25568CFD001CC1CD /* TripPlanner */,
				1F73DB0425568D00001CC1CD /* TripPlannerTests */,
				1F73DB0F25568D00001CC1CD /* TripPlannerUITests */,
			);
		};
/* End PBXProject section */

/* Begin PBXResourcesBuildPhase section */
		1F73DAEA25568CFD001CC1CD /* Resources */ = {
			isa = PBXResourcesBuildPhase;
			buildActionMask = 2147483647;
			files = (
				1F73DAFF25568CFF001CC1CD /* LaunchScreen.storyboard in Resources */,
				1FF8996F2556EE0500F9718E /* TripsViewController.storyboard in Resources */,
				1F73DAFC25568CFF001CC1CD /* Assets.xcassets in Resources */,
			);
			runOnlyForDeploymentPostprocessing = 0;
		};
		1F73DB0325568D00001CC1CD /* Resources */ = {
			isa = PBXResourcesBuildPhase;
			buildActionMask = 2147483647;
			files = (
			);
			runOnlyForDeploymentPostprocessing = 0;
		};
		1F73DB0E25568D00001CC1CD /* Resources */ = {
			isa = PBXResourcesBuildPhase;
			buildActionMask = 2147483647;
			files = (
			);
			runOnlyForDeploymentPostprocessing = 0;
		};
/* End PBXResourcesBuildPhase section */

/* Begin PBXSourcesBuildPhase section */
		1F73DAE825568CFD001CC1CD /* Sources */ = {
			isa = PBXSourcesBuildPhase;
			buildActionMask = 2147483647;
			files = (
				1FF8996A2556EDFA00F9718E /* TripsViewController.swift in Sources */,
				1F73DAF025568CFD001CC1CD /* AppDelegate.swift in Sources */,
				1FF899602556E90500F9718E /* Data.swift in Sources */,
				1FF8995B2556E50C00F9718E /* TripFunctions.swift in Sources */,
				1F73DAF225568CFD001CC1CD /* SceneDelegate.swift in Sources */,
				1FF899562556E4FF00F9718E /* TripModel.swift in Sources */,
				1F73DAFA25568CFD001CC1CD /* TripPlanner.xcdatamodeld in Sources */,
			);
			runOnlyForDeploymentPostprocessing = 0;
		};
		1F73DB0125568D00001CC1CD /* Sources */ = {
			isa = PBXSourcesBuildPhase;
			buildActionMask = 2147483647;
			files = (
				1F73DB0A25568D00001CC1CD /* TripPlannerTests.swift in Sources */,
			);
			runOnlyForDeploymentPostprocessing = 0;
		};
		1F73DB0C25568D00001CC1CD /* Sources */ = {
			isa = PBXSourcesBuildPhase;
			buildActionMask = 2147483647;
			files = (
				1F73DB1525568D00001CC1CD /* TripPlannerUITests.swift in Sources */,
			);
			runOnlyForDeploymentPostprocessing = 0;
		};
/* End PBXSourcesBuildPhase section */

/* Begin PBXTargetDependency section */
		1F73DB0725568D00001CC1CD /* PBXTargetDependency */ = {
			isa = PBXTargetDependency;
			target = 1F73DAEB25568CFD001CC1CD /* TripPlanner */;
			targetProxy = 1F73DB0625568D00001CC1CD /* PBXContainerItemProxy */;
		};
		1F73DB1225568D00001CC1CD /* PBXTargetDependency */ = {
			isa = PBXTargetDependency;
			target = 1F73DAEB25568CFD001CC1CD /* TripPlanner */;
			targetProxy = 1F73DB1125568D00001CC1CD /* PBXContainerItemProxy */;
		};
/* End PBXTargetDependency section */

/* Begin PBXVariantGroup section */
		1F73DAFD25568CFF001CC1CD /* LaunchScreen.storyboard */ = {
			isa = PBXVariantGroup;
			children = (
				1F73DAFE25568CFF001CC1CD /* Base */,
			);
			name = LaunchScreen.storyboard;
			sourceTree = "<group>";
		};
/* End PBXVariantGroup section */

/* Begin XCBuildConfiguration section */
		1F73DB1725568D00001CC1CD /* Debug */ = {
			isa = XCBuildConfiguration;
			buildSettings = {
				ALWAYS_SEARCH_USER_PATHS = NO;
				CLANG_ANALYZER_NONNULL = YES;
				CLANG_ANALYZER_NUMBER_OBJECT_CONVERSION = YES_AGGRESSIVE;
				CLANG_CXX_LANGUAGE_STANDARD = "gnu++14";
				CLANG_CXX_LIBRARY = "libc++";
				CLANG_ENABLE_MODULES = YES;
				CLANG_ENABLE_OBJC_ARC = YES;
				CLANG_ENABLE_OBJC_WEAK = YES;
				CLANG_WARN_BLOCK_CAPTURE_AUTORELEASING = YES;
				CLANG_WARN_BOOL_CONVERSION = YES;
				CLANG_WARN_COMMA = YES;
				CLANG_WARN_CONSTANT_CONVERSION = YES;
				CLANG_WARN_DEPRECATED_OBJC_IMPLEMENTATIONS = YES;
				CLANG_WARN_DIRECT_OBJC_ISA_USAGE = YES_ERROR;
				CLANG_WARN_DOCUMENTATION_COMMENTS = YES;
				CLANG_WARN_EMPTY_BODY = YES;
				CLANG_WARN_ENUM_CONVERSION = YES;
				CLANG_WARN_INFINITE_RECURSION = YES;
				CLANG_WARN_INT_CONVERSION = YES;
				CLANG_WARN_NON_LITERAL_NULL_CONVERSION = YES;
				CLANG_WARN_OBJC_IMPLICIT_RETAIN_SELF = YES;
				CLANG_WARN_OBJC_LITERAL_CONVERSION = YES;
				CLANG_WARN_OBJC_ROOT_CLASS = YES_ERROR;
				CLANG_WARN_QUOTED_INCLUDE_IN_FRAMEWORK_HEADER = YES;
				CLANG_WARN_RANGE_LOOP_ANALYSIS = YES;
				CLANG_WARN_STRICT_PROTOTYPES = YES;
				CLANG_WARN_SUSPICIOUS_MOVE = YES;
				CLANG_WARN_UNGUARDED_AVAILABILITY = YES_AGGRESSIVE;
				CLANG_WARN_UNREACHABLE_CODE = YES;
				CLANG_WARN__DUPLICATE_METHOD_MATCH = YES;
				COPY_PHASE_STRIP = NO;
				DEBUG_INFORMATION_FORMAT = dwarf;
				ENABLE_STRICT_OBJC_MSGSEND = YES;
				ENABLE_TESTABILITY = YES;
				GCC_C_LANGUAGE_STANDARD = gnu11;
				GCC_DYNAMIC_NO_PIC = NO;
				GCC_NO_COMMON_BLOCKS = YES;
				GCC_OPTIMIZATION_LEVEL = 0;
				GCC_PREPROCESSOR_DEFINITIONS = (
					"DEBUG=1",
					"$(inherited)",
				);
				GCC_WARN_64_TO_32_BIT_CONVERSION = YES;
				GCC_WARN_ABOUT_RETURN_TYPE = YES_ERROR;
				GCC_WARN_UNDECLARED_SELECTOR = YES;
				GCC_WARN_UNINITIALIZED_AUTOS = YES_AGGRESSIVE;
				GCC_WARN_UNUSED_FUNCTION = YES;
				GCC_WARN_UNUSED_VARIABLE = YES;
				IPHONEOS_DEPLOYMENT_TARGET = 14.1;
				MTL_ENABLE_DEBUG_INFO = INCLUDE_SOURCE;
				MTL_FAST_MATH = YES;
				ONLY_ACTIVE_ARCH = YES;
				SDKROOT = iphoneos;
				SWIFT_ACTIVE_COMPILATION_CONDITIONS = DEBUG;
				SWIFT_OPTIMIZATION_LEVEL = "-Onone";
			};
			name = Debug;
		};
		1F73DB1825568D00001CC1CD /* Release */ = {
			isa = XCBuildConfiguration;
			buildSettings = {
				ALWAYS_SEARCH_USER_PATHS = NO;
				CLANG_ANALYZER_NONNULL = YES;
				CLANG_ANALYZER_NUMBER_OBJECT_CONVERSION = YES_AGGRESSIVE;
				CLANG_CXX_LANGUAGE_STANDARD = "gnu++14";
				CLANG_CXX_LIBRARY = "libc++";
				CLANG_ENABLE_MODULES = YES;
				CLANG_ENABLE_OBJC_ARC = YES;
				CLANG_ENABLE_OBJC_WEAK = YES;
				CLANG_WARN_BLOCK_CAPTURE_AUTORELEASING = YES;
				CLANG_WARN_BOOL_CONVERSION = YES;
				CLANG_WARN_COMMA = YES;
				CLANG_WARN_CONSTANT_CONVERSION = YES;
				CLANG_WARN_DEPRECATED_OBJC_IMPLEMENTATIONS = YES;
				CLANG_WARN_DIRECT_OBJC_ISA_USAGE = YES_ERROR;
				CLANG_WARN_DOCUMENTATION_COMMENTS = YES;
				CLANG_WARN_EMPTY_BODY = YES;
				CLANG_WARN_ENUM_CONVERSION = YES;
				CLANG_WARN_INFINITE_RECURSION = YES;
				CLANG_WARN_INT_CONVERSION = YES;
				CLANG_WARN_NON_LITERAL_NULL_CONVERSION = YES;
				CLANG_WARN_OBJC_IMPLICIT_RETAIN_SELF = YES;
				CLANG_WARN_OBJC_LITERAL_CONVERSION = YES;
				CLANG_WARN_OBJC_ROOT_CLASS = YES_ERROR;
				CLANG_WARN_QUOTED_INCLUDE_IN_FRAMEWORK_HEADER = YES;
				CLANG_WARN_RANGE_LOOP_ANALYSIS = YES;
				CLANG_WARN_STRICT_PROTOTYPES = YES;
				CLANG_WARN_SUSPICIOUS_MOVE = YES;
				CLANG_WARN_UNGUARDED_AVAILABILITY = YES_AGGRESSIVE;
				CLANG_WARN_UNREACHABLE_CODE = YES;
				CLANG_WARN__DUPLICATE_METHOD_MATCH = YES;
				COPY_PHASE_STRIP = NO;
				DEBUG_INFORMATION_FORMAT = "dwarf-with-dsym";
				ENABLE_NS_ASSERTIONS = NO;
				ENABLE_STRICT_OBJC_MSGSEND = YES;
				GCC_C_LANGUAGE_STANDARD = gnu11;
				GCC_NO_COMMON_BLOCKS = YES;
				GCC_WARN_64_TO_32_BIT_CONVERSION = YES;
				GCC_WARN_ABOUT_RETURN_TYPE = YES_ERROR;
				GCC_WARN_UNDECLARED_SELECTOR = YES;
				GCC_WARN_UNINITIALIZED_AUTOS = YES_AGGRESSIVE;
				GCC_WARN_UNUSED_FUNCTION = YES;
				GCC_WARN_UNUSED_VARIABLE = YES;
				IPHONEOS_DEPLOYMENT_TARGET = 14.1;
				MTL_ENABLE_DEBUG_INFO = NO;
				MTL_FAST_MATH = YES;
				SDKROOT = iphoneos;
				SWIFT_COMPILATION_MODE = wholemodule;
				SWIFT_OPTIMIZATION_LEVEL = "-O";
				VALIDATE_PRODUCT = YES;
			};
			name = Release;
		};
		1F73DB1A25568D00001CC1CD /* Debug */ = {
			isa = XCBuildConfiguration;
			buildSettings = {
				ASSETCATALOG_COMPILER_APPICON_NAME = AppIcon;
				ASSETCATALOG_COMPILER_GLOBAL_ACCENT_COLOR_NAME = AccentColor;
				CODE_SIGN_STYLE = Automatic;
				DEVELOPMENT_TEAM = 5828EJ5HNE;
				INFOPLIST_FILE = TripPlanner/Info.plist;
				LD_RUNPATH_SEARCH_PATHS = (
					"$(inherited)",
					"@executable_path/Frameworks",
				);
				PRODUCT_BUNDLE_IDENTIFIER = abhishek.com.TripPlanner;
				PRODUCT_NAME = "$(TARGET_NAME)";
				SWIFT_VERSION = 5.0;
				TARGETED_DEVICE_FAMILY = "1,2";
			};
			name = Debug;
		};
		1F73DB1B25568D00001CC1CD /* Release */ = {
			isa = XCBuildConfiguration;
			buildSettings = {
				ASSETCATALOG_COMPILER_APPICON_NAME = AppIcon;
				ASSETCATALOG_COMPILER_GLOBAL_ACCENT_COLOR_NAME = AccentColor;
				CODE_SIGN_STYLE = Automatic;
				DEVELOPMENT_TEAM = 5828EJ5HNE;
				INFOPLIST_FILE = TripPlanner/Info.plist;
				LD_RUNPATH_SEARCH_PATHS = (
					"$(inherited)",
					"@executable_path/Frameworks",
				);
				PRODUCT_BUNDLE_IDENTIFIER = abhishek.com.TripPlanner;
				PRODUCT_NAME = "$(TARGET_NAME)";
				SWIFT_VERSION = 5.0;
				TARGETED_DEVICE_FAMILY = "1,2";
			};
			name = Release;
		};
		1F73DB1D25568D00001CC1CD /* Debug */ = {
			isa = XCBuildConfiguration;
			buildSettings = {
				ALWAYS_EMBED_SWIFT_STANDARD_LIBRARIES = YES;
				BUNDLE_LOADER = "$(TEST_HOST)";
				CODE_SIGN_STYLE = Automatic;
				DEVELOPMENT_TEAM = 5828EJ5HNE;
				INFOPLIST_FILE = TripPlannerTests/Info.plist;
				IPHONEOS_DEPLOYMENT_TARGET = 14.1;
				LD_RUNPATH_SEARCH_PATHS = (
					"$(inherited)",
					"@executable_path/Frameworks",
					"@loader_path/Frameworks",
				);
				PRODUCT_BUNDLE_IDENTIFIER = abhishek.com.TripPlannerTests;
				PRODUCT_NAME = "$(TARGET_NAME)";
				SWIFT_VERSION = 5.0;
				TARGETED_DEVICE_FAMILY = "1,2";
				TEST_HOST = "$(BUILT_PRODUCTS_DIR)/TripPlanner.app/TripPlanner";
			};
			name = Debug;
		};
		1F73DB1E25568D00001CC1CD /* Release */ = {
			isa = XCBuildConfiguration;
			buildSettings = {
				ALWAYS_EMBED_SWIFT_STANDARD_LIBRARIES = YES;
				BUNDLE_LOADER = "$(TEST_HOST)";
				CODE_SIGN_STYLE = Automatic;
				DEVELOPMENT_TEAM = 5828EJ5HNE;
				INFOPLIST_FILE = TripPlannerTests/Info.plist;
				IPHONEOS_DEPLOYMENT_TARGET = 14.1;
				LD_RUNPATH_SEARCH_PATHS = (
					"$(inherited)",
					"@executable_path/Frameworks",
					"@loader_path/Frameworks",
				);
				PRODUCT_BUNDLE_IDENTIFIER = abhishek.com.TripPlannerTests;
				PRODUCT_NAME = "$(TARGET_NAME)";
				SWIFT_VERSION = 5.0;
				TARGETED_DEVICE_FAMILY = "1,2";
				TEST_HOST = "$(BUILT_PRODUCTS_DIR)/TripPlanner.app/TripPlanner";
			};
			name = Release;
		};
		1F73DB2025568D00001CC1CD /* Debug */ = {
			isa = XCBuildConfiguration;
			buildSettings = {
				ALWAYS_EMBED_SWIFT_STANDARD_LIBRARIES = YES;
				CODE_SIGN_STYLE = Automatic;
				DEVELOPMENT_TEAM = 5828EJ5HNE;
				INFOPLIST_FILE = TripPlannerUITests/Info.plist;
				LD_RUNPATH_SEARCH_PATHS = (
					"$(inherited)",
					"@executable_path/Frameworks",
					"@loader_path/Frameworks",
				);
				PRODUCT_BUNDLE_IDENTIFIER = abhishek.com.TripPlannerUITests;
				PRODUCT_NAME = "$(TARGET_NAME)";
				SWIFT_VERSION = 5.0;
				TARGETED_DEVICE_FAMILY = "1,2";
				TEST_TARGET_NAME = TripPlanner;
			};
			name = Debug;
		};
		1F73DB2125568D00001CC1CD /* Release */ = {
			isa = XCBuildConfiguration;
			buildSettings = {
				ALWAYS_EMBED_SWIFT_STANDARD_LIBRARIES = YES;
				CODE_SIGN_STYLE = Automatic;
				DEVELOPMENT_TEAM = 5828EJ5HNE;
				INFOPLIST_FILE = TripPlannerUITests/Info.plist;
				LD_RUNPATH_SEARCH_PATHS = (
					"$(inherited)",
					"@executable_path/Frameworks",
					"@loader_path/Frameworks",
				);
				PRODUCT_BUNDLE_IDENTIFIER = abhishek.com.TripPlannerUITests;
				PRODUCT_NAME = "$(TARGET_NAME)";
				SWIFT_VERSION = 5.0;
				TARGETED_DEVICE_FAMILY = "1,2";
				TEST_TARGET_NAME = TripPlanner;
			};
			name = Release;
		};
/* End XCBuildConfiguration section */

/* Begin XCConfigurationList section */
		1F73DAE725568CFD001CC1CD /* Build configuration list for PBXProject "TripPlanner" */ = {
			isa = XCConfigurationList;
			buildConfigurations = (
				1F73DB1725568D00001CC1CD /* Debug */,
				1F73DB1825568D00001CC1CD /* Release */,
			);
			defaultConfigurationIsVisible = 0;
			defaultConfigurationName = Release;
		};
		1F73DB1925568D00001CC1CD /* Build configuration list for PBXNativeTarget "TripPlanner" */ = {
			isa = XCConfigurationList;
			buildConfigurations = (
				1F73DB1A25568D00001CC1CD /* Debug */,
				1F73DB1B25568D00001CC1CD /* Release */,
			);
			defaultConfigurationIsVisible = 0;
			defaultConfigurationName = Release;
		};
		1F73DB1C25568D00001CC1CD /* Build configuration list for PBXNativeTarget "TripPlannerTests" */ = {
			isa = XCConfigurationList;
			buildConfigurations = (
				1F73DB1D25568D00001CC1CD /* Debug */,
				1F73DB1E25568D00001CC1CD /* Release */,
			);
			defaultConfigurationIsVisible = 0;
			defaultConfigurationName = Release;
		};
		1F73DB1F25568D00001CC1CD /* Build configuration list for PBXNativeTarget "TripPlannerUITests" */ = {
			isa = XCConfigurationList;
			buildConfigurations = (
				1F73DB2025568D00001CC1CD /* Debug */,
				1F73DB2125568D00001CC1CD /* Release */,
			);
			defaultConfigurationIsVisible = 0;
			defaultConfigurationName = Release;
		};
/* End XCConfigurationList section */

/* Begin XCVersionGroup section */
		1F73DAF825568CFD001CC1CD /* TripPlanner.xcdatamodeld */ = {
			isa = XCVersionGroup;
			children = (
				1F73DAF925568CFD001CC1CD /* TripPlanner.xcdatamodel */,
			);
			currentVersion = 1F73DAF925568CFD001CC1CD /* TripPlanner.xcdatamodel */;
			path = TripPlanner.xcdatamodeld;
			sourceTree = "<group>";
			versionGroupType = wrapper.xcdatamodel;
		};
/* End XCVersionGroup section */
	};
	rootObject = 1F73DAE425568CFD001CC1CD /* Project object */;
}
